
Microsoft Visual Studio Solution File, Format Version 12.00
# Visual Studio Version 17
VisualStudioVersion = 17.4.33213.308
MinimumVisualStudioVersion = 10.0.40219.1
Project("{9A19103F-16F7-4668-BE54-9A1E7A4F7556}") = "Inventory.Api", "peliculas\Inventory.Api.csproj", "{CF7ACC30-4FFE-4F78-B26B-E210094A9B6B}"
EndProject
Project("{9A19103F-16F7-4668-BE54-9A1E7A4F7556}") = "Inventory.Core", "Peliculas.Core\Inventory.Core.csproj", "{F3F4A977-F424-448A-97A7-8EE88C42E08E}"
EndProject
Project("{9A19103F-16F7-4668-BE54-9A1E7A4F7556}") = "Inventory.Infrastructure", "peliculas.Infrastructure\Inventory.Infrastructure.csproj", "{5B1F1AC3-6B24-4652-AD79-B098841B1B34}"
EndProject
Global
	GlobalSection(SolutionConfigurationPlatforms) = preSolution
		Debug|Any CPU = Debug|Any CPU
		Release|Any CPU = Release|Any CPU
	EndGlobalSection
	GlobalSection(ProjectConfigurationPlatforms) = postSolution
		{CF7ACC30-4FFE-4F78-B26B-E210094A9B6B}.Debug|Any CPU.ActiveCfg = Debug|Any CPU
		{CF7ACC30-4FFE-4F78-B26B-E210094A9B6B}.Debug|Any CPU.Build.0 = Debug|Any CPU
		{CF7ACC30-4FFE-4F78-B26B-E210094A9B6B}.Release|Any CPU.ActiveCfg = Release|Any CPU
		{CF7ACC30-4FFE-4F78-B26B-E210094A9B6B}.Release|Any CPU.Build.0 = Release|Any CPU
		{F3F4A977-F424-448A-97A7-8EE88C42E08E}.Debug|Any CPU.ActiveCfg = Debug|Any CPU
		{F3F4A977-F424-448A-97A7-8EE88C42E08E}.Debug|Any CPU.Build.0 = Debug|Any CPU
		{F3F4A977-F424-448A-97A7-8EE88C42E08E}.Release|Any CPU.ActiveCfg = Release|Any CPU
		{F3F4A977-F424-448A-97A7-8EE88C42E08E}.Release|Any CPU.Build.0 = Release|Any CPU
		{5B1F1AC3-6B24-4652-AD79-B098841B1B34}.Debug|Any CPU.ActiveCfg = Debug|Any CPU
		{5B1F1AC3-6B24-4652-AD79-B098841B1B34}.Debug|Any CPU.Build.0 = Debug|Any CPU
		{5B1F1AC3-6B24-4652-AD79-B098841B1B34}.Release|Any CPU.ActiveCfg = Release|Any CPU
		{5B1F1AC3-6B24-4652-AD79-B098841B1B34}.Release|Any CPU.Build.0 = Release|Any CPU
	EndGlobalSection
	GlobalSection(SolutionProperties) = preSolution
		HideSolutionNode = FALSE
	EndGlobalSection
	GlobalSection(ExtensibilityGlobals) = postSolution
		SolutionGuid = {3206217B-FAAE-4022-BD6C-4BB01EA665CE}
	EndGlobalSection
EndGlobal
